
Microsoft Visual Studio Solution File, Format Version 12.00
# Visual Studio Version 17
VisualStudioVersion = 17.0.31710.8
MinimumVisualStudioVersion = 10.0.40219.1
Project("{FAE04EC0-301F-11D3-BF4B-00C04F79EFBC}") = "Client", "Client\Client.csproj", "{CC92A7E9-1190-401F-A622-ABAB8D248F9A}"
EndProject
Project("{FAE04EC0-301F-11D3-BF4B-00C04F79EFBC}") = "Server", "Server\Server.csproj", "{75E8126E-602A-4B54-A0DF-1FBCF56C4804}"
EndProject
Global
	GlobalSection(SolutionConfigurationPlatforms) = preSolution
		Debug|Any CPU = Debug|Any CPU
		Release|Any CPU = Release|Any CPU
	EndGlobalSection
	GlobalSection(ProjectConfigurationPlatforms) = postSolution
		{CC92A7E9-1190-401F-A622-ABAB8D248F9A}.Debug|Any CPU.ActiveCfg = Debug|Any CPU
		{CC92A7E9-1190-401F-A622-ABAB8D248F9A}.Debug|Any CPU.Build.0 = Debug|Any CPU
		{CC92A7E9-1190-401F-A622-ABAB8D248F9A}.Release|Any CPU.ActiveCfg = Release|Any CPU
		{CC92A7E9-1190-401F-A622-ABAB8D248F9A}.Release|Any CPU.Build.0 = Release|Any CPU
		{75E8126E-602A-4B54-A0DF-1FBCF56C4804}.Debug|Any CPU.ActiveCfg = Debug|Any CPU
		{75E8126E-602A-4B54-A0DF-1FBCF56C4804}.Debug|Any CPU.Build.0 = Debug|Any CPU
		{75E8126E-602A-4B54-A0DF-1FBCF56C4804}.Release|Any CPU.ActiveCfg = Release|Any CPU
		{75E8126E-602A-4B54-A0DF-1FBCF56C4804}.Release|Any CPU.Build.0 = Release|Any CPU
	EndGlobalSection
	GlobalSection(SolutionProperties) = preSolution
		HideSolutionNode = FALSE
	EndGlobalSection
	GlobalSection(ExtensibilityGlobals) = postSolution
		SolutionGuid = {06103187-BB5F-4063-ADA5-646DE4621B4D}
	EndGlobalSection
EndGlobal
